
Microsoft Visual Studio Solution File, Format Version 12.00
# Visual Studio 15
VisualStudioVersion = 15.0.27428.2002
MinimumVisualStudioVersion = 10.0.40219.1
Project("{9A19103F-16F7-4668-BE54-9A1E7A4F7556}") = "P_01Forum", "P_01Forum\P_01Forum.csproj", "{BA96D077-E297-43CC-8BBC-85333652CD12}"
EndProject
Project("{9A19103F-16F7-4668-BE54-9A1E7A4F7556}") = "HospitalStartUp", "HospitalStartUp\HospitalStartUp.csproj", "{85B97FF4-8C77-4EAA-B665-D6886B6B8E34}"
EndProject
Project("{9A19103F-16F7-4668-BE54-9A1E7A4F7556}") = "P01_HospitalDatabase", "P_02HospitalDatabase\P01_HospitalDatabase.csproj", "{41B62259-94C3-4CBB-883B-4FB12BFB7C79}"
EndProject
Project("{9A19103F-16F7-4668-BE54-9A1E7A4F7556}") = "HospitalEntitiesGenerator", "HospitalEntitiesGenerator\HospitalEntitiesGenerator.csproj", "{F9F19F63-5340-4F1C-9DAD-0516AE9DDA6C}"
EndProject
Project("{FAE04EC0-301F-11D3-BF4B-00C04F79EFBC}") = "P03_SalesDatabase", "P03_SalesDatabase\P03_SalesDatabase.csproj", "{0180EEEB-39A8-4F12-A09F-3CBF0481ED77}"
EndProject
Global
	GlobalSection(SolutionConfigurationPlatforms) = preSolution
		Debug|Any CPU = Debug|Any CPU
		Release|Any CPU = Release|Any CPU
	EndGlobalSection
	GlobalSection(ProjectConfigurationPlatforms) = postSolution
		{BA96D077-E297-43CC-8BBC-85333652CD12}.Debug|Any CPU.ActiveCfg = Debug|Any CPU
		{BA96D077-E297-43CC-8BBC-85333652CD12}.Debug|Any CPU.Build.0 = Debug|Any CPU
		{BA96D077-E297-43CC-8BBC-85333652CD12}.Release|Any CPU.ActiveCfg = Release|Any CPU
		{BA96D077-E297-43CC-8BBC-85333652CD12}.Release|Any CPU.Build.0 = Release|Any CPU
		{85B97FF4-8C77-4EAA-B665-D6886B6B8E34}.Debug|Any CPU.ActiveCfg = Debug|Any CPU
		{85B97FF4-8C77-4EAA-B665-D6886B6B8E34}.Debug|Any CPU.Build.0 = Debug|Any CPU
		{85B97FF4-8C77-4EAA-B665-D6886B6B8E34}.Release|Any CPU.ActiveCfg = Release|Any CPU
		{85B97FF4-8C77-4EAA-B665-D6886B6B8E34}.Release|Any CPU.Build.0 = Release|Any CPU
		{41B62259-94C3-4CBB-883B-4FB12BFB7C79}.Debug|Any CPU.ActiveCfg = Debug|Any CPU
		{41B62259-94C3-4CBB-883B-4FB12BFB7C79}.Debug|Any CPU.Build.0 = Debug|Any CPU
		{41B62259-94C3-4CBB-883B-4FB12BFB7C79}.Release|Any CPU.ActiveCfg = Release|Any CPU
		{41B62259-94C3-4CBB-883B-4FB12BFB7C79}.Release|Any CPU.Build.0 = Release|Any CPU
		{F9F19F63-5340-4F1C-9DAD-0516AE9DDA6C}.Debug|Any CPU.ActiveCfg = Debug|Any CPU
		{F9F19F63-5340-4F1C-9DAD-0516AE9DDA6C}.Debug|Any CPU.Build.0 = Debug|Any CPU
		{F9F19F63-5340-4F1C-9DAD-0516AE9DDA6C}.Release|Any CPU.ActiveCfg = Release|Any CPU
		{F9F19F63-5340-4F1C-9DAD-0516AE9DDA6C}.Release|Any CPU.Build.0 = Release|Any CPU
		{0180EEEB-39A8-4F12-A09F-3CBF0481ED77}.Debug|Any CPU.ActiveCfg = Debug|Any CPU
		{0180EEEB-39A8-4F12-A09F-3CBF0481ED77}.Debug|Any CPU.Build.0 = Debug|Any CPU
		{0180EEEB-39A8-4F12-A09F-3CBF0481ED77}.Release|Any CPU.ActiveCfg = Release|Any CPU
		{0180EEEB-39A8-4F12-A09F-3CBF0481ED77}.Release|Any CPU.Build.0 = Release|Any CPU
	EndGlobalSection
	GlobalSection(SolutionProperties) = preSolution
		HideSolutionNode = FALSE
	EndGlobalSection
	GlobalSection(ExtensibilityGlobals) = postSolution
		SolutionGuid = {3C4BDAFF-7BD8-4F51-8BCE-7CF3E2A69E6B}
	EndGlobalSection
EndGlobal
