
Microsoft Visual Studio Solution File, Format Version 12.00
# Visual Studio 15
VisualStudioVersion = 15.0.27428.2002
MinimumVisualStudioVersion = 10.0.40219.1
Project("{9A19103F-16F7-4668-BE54-9A1E7A4F7556}") = "Experimental_02", "Experimental_02\Experimental_02.csproj", "{F6B5E08C-D605-4BD9-BBDD-AC064B1C6AF8}"
EndProject
Project("{FAE04EC0-301F-11D3-BF4B-00C04F79EFBC}") = "P02_DatabaseFirst", "_02_DatabaseFirst\P02_DatabaseFirst.csproj", "{EA6C0F9B-FBDB-408E-A8A1-A2D375716685}"
EndProject
Global
	GlobalSection(SolutionConfigurationPlatforms) = preSolution
		Debug|Any CPU = Debug|Any CPU
		Release|Any CPU = Release|Any CPU
	EndGlobalSection
	GlobalSection(ProjectConfigurationPlatforms) = postSolution
		{F6B5E08C-D605-4BD9-BBDD-AC064B1C6AF8}.Debug|Any CPU.ActiveCfg = Debug|Any CPU
		{F6B5E08C-D605-4BD9-BBDD-AC064B1C6AF8}.Debug|Any CPU.Build.0 = Debug|Any CPU
		{F6B5E08C-D605-4BD9-BBDD-AC064B1C6AF8}.Release|Any CPU.ActiveCfg = Release|Any CPU
		{F6B5E08C-D605-4BD9-BBDD-AC064B1C6AF8}.Release|Any CPU.Build.0 = Release|Any CPU
		{EA6C0F9B-FBDB-408E-A8A1-A2D375716685}.Debug|Any CPU.ActiveCfg = Debug|Any CPU
		{EA6C0F9B-FBDB-408E-A8A1-A2D375716685}.Debug|Any CPU.Build.0 = Debug|Any CPU
		{EA6C0F9B-FBDB-408E-A8A1-A2D375716685}.Release|Any CPU.ActiveCfg = Release|Any CPU
		{EA6C0F9B-FBDB-408E-A8A1-A2D375716685}.Release|Any CPU.Build.0 = Release|Any CPU
	EndGlobalSection
	GlobalSection(SolutionProperties) = preSolution
		HideSolutionNode = FALSE
	EndGlobalSection
	GlobalSection(ExtensibilityGlobals) = postSolution
		SolutionGuid = {871A3286-ADA5-4E59-8E3F-D1C62A1F6C9E}
	EndGlobalSection
EndGlobal
