
Microsoft Visual Studio Solution File, Format Version 12.00
# Visual Studio 15
VisualStudioVersion = 15.0.27703.2035
MinimumVisualStudioVersion = 10.0.40219.1
Project("{FAE04EC0-301F-11D3-BF4B-00C04F79EFBC}") = "XmlDEmo", "XmlDEmo\XmlDEmo.csproj", "{7253D2A2-A144-4B8A-AA86-94CF0BDEAFDC}"
EndProject
Global
	GlobalSection(SolutionConfigurationPlatforms) = preSolution
		Debug|Any CPU = Debug|Any CPU
		Release|Any CPU = Release|Any CPU
	EndGlobalSection
	GlobalSection(ProjectConfigurationPlatforms) = postSolution
		{7253D2A2-A144-4B8A-AA86-94CF0BDEAFDC}.Debug|Any CPU.ActiveCfg = Debug|Any CPU
		{7253D2A2-A144-4B8A-AA86-94CF0BDEAFDC}.Debug|Any CPU.Build.0 = Debug|Any CPU
		{7253D2A2-A144-4B8A-AA86-94CF0BDEAFDC}.Release|Any CPU.ActiveCfg = Release|Any CPU
		{7253D2A2-A144-4B8A-AA86-94CF0BDEAFDC}.Release|Any CPU.Build.0 = Release|Any CPU
	EndGlobalSection
	GlobalSection(SolutionProperties) = preSolution
		HideSolutionNode = FALSE
	EndGlobalSection
	GlobalSection(ExtensibilityGlobals) = postSolution
		SolutionGuid = {D2221C18-3C73-4C33-B6F6-48D66AD7D9AD}
	EndGlobalSection
EndGlobal
